
Microsoft Visual Studio Solution File, Format Version 12.00
# Visual Studio Version 17
VisualStudioVersion = 17.0.31903.59
MinimumVisualStudioVersion = 10.0.40219.1
Project("{2150E333-8FDC-42A3-9474-1A3956D46DE8}") = "src", "src", "{827E0CD3-B72D-47B6-A68D-7590B98EB39B}"
EndProject
Project("{FAE04EC0-301F-11D3-BF4B-00C04F79EFBC}") = "AgenticShopper.Coordinator", "src\AgenticShopper.Coordinator\AgenticShopper.Coordinator.csproj", "{EEBDC4E8-CF12-48F7-B875-69B0775026CC}"
EndProject
Project("{FAE04EC0-301F-11D3-BF4B-00C04F79EFBC}") = "AgenticShopper.Agents.Receipt", "src\AgenticShopper.Agents.Receipt\AgenticShopper.Agents.Receipt.csproj", "{ECF0D397-3A5E-40D5-9A29-88E722A36AB7}"
EndProject
Project("{FAE04EC0-301F-11D3-BF4B-00C04F79EFBC}") = "AgenticShopper.Agents.Categorization", "src\AgenticShopper.Agents.Categorization\AgenticShopper.Agents.Categorization.csproj", "{6C5AF4AF-FADA-4088-AA25-2FB52AAC1A21}"
EndProject
Project("{FAE04EC0-301F-11D3-BF4B-00C04F79EFBC}") = "AgenticShopper.Agents.Frequency", "src\AgenticShopper.Agents.Frequency\AgenticShopper.Agents.Frequency.csproj", "{745E4BD1-C471-4D5F-B115-7067241B9D43}"
EndProject
Project("{FAE04EC0-301F-11D3-BF4B-00C04F79EFBC}") = "AgenticShopper.Agents.ListGenerator", "src\AgenticShopper.Agents.ListGenerator\AgenticShopper.Agents.ListGenerator.csproj", "{18EBB1A1-CDF6-4F6E-A8FA-2F5E36EBB284}"
EndProject
Project("{FAE04EC0-301F-11D3-BF4B-00C04F79EFBC}") = "AgenticShopper.Agents.PriceComparison", "src\AgenticShopper.Agents.PriceComparison\AgenticShopper.Agents.PriceComparison.csproj", "{63B02D0A-B1B6-45EB-8C9F-CC1C16142F9C}"
EndProject
Project("{FAE04EC0-301F-11D3-BF4B-00C04F79EFBC}") = "AgenticShopper.Agents.Budget", "src\AgenticShopper.Agents.Budget\AgenticShopper.Agents.Budget.csproj", "{64B9A102-9642-4D8E-951A-FAE58CBDA095}"
EndProject
Project("{FAE04EC0-301F-11D3-BF4B-00C04F79EFBC}") = "AgenticShopper.Core", "src\AgenticShopper.Core\AgenticShopper.Core.csproj", "{963D93DA-1578-4F12-8CF2-8C29DC328136}"
EndProject
Project("{FAE04EC0-301F-11D3-BF4B-00C04F79EFBC}") = "AgenticShopper.Data", "src\AgenticShopper.Data\AgenticShopper.Data.csproj", "{04FF3B7E-AA04-4594-8F84-BD54E11E9179}"
EndProject
Global
	GlobalSection(SolutionConfigurationPlatforms) = preSolution
		Debug|Any CPU = Debug|Any CPU
		Debug|x64 = Debug|x64
		Debug|x86 = Debug|x86
		Release|Any CPU = Release|Any CPU
		Release|x64 = Release|x64
		Release|x86 = Release|x86
	EndGlobalSection
	GlobalSection(ProjectConfigurationPlatforms) = postSolution
		{EEBDC4E8-CF12-48F7-B875-69B0775026CC}.Debug|Any CPU.ActiveCfg = Debug|Any CPU
		{EEBDC4E8-CF12-48F7-B875-69B0775026CC}.Debug|Any CPU.Build.0 = Debug|Any CPU
		{EEBDC4E8-CF12-48F7-B875-69B0775026CC}.Debug|x64.ActiveCfg = Debug|Any CPU
		{EEBDC4E8-CF12-48F7-B875-69B0775026CC}.Debug|x64.Build.0 = Debug|Any CPU
		{EEBDC4E8-CF12-48F7-B875-69B0775026CC}.Debug|x86.ActiveCfg = Debug|Any CPU
		{EEBDC4E8-CF12-48F7-B875-69B0775026CC}.Debug|x86.Build.0 = Debug|Any CPU
		{EEBDC4E8-CF12-48F7-B875-69B0775026CC}.Release|Any CPU.ActiveCfg = Release|Any CPU
		{EEBDC4E8-CF12-48F7-B875-69B0775026CC}.Release|Any CPU.Build.0 = Release|Any CPU
		{EEBDC4E8-CF12-48F7-B875-69B0775026CC}.Release|x64.ActiveCfg = Release|Any CPU
		{EEBDC4E8-CF12-48F7-B875-69B0775026CC}.Release|x64.Build.0 = Release|Any CPU
		{EEBDC4E8-CF12-48F7-B875-69B0775026CC}.Release|x86.ActiveCfg = Release|Any CPU
		{EEBDC4E8-CF12-48F7-B875-69B0775026CC}.Release|x86.Build.0 = Release|Any CPU
		{ECF0D397-3A5E-40D5-9A29-88E722A36AB7}.Debug|Any CPU.ActiveCfg = Debug|Any CPU
		{ECF0D397-3A5E-40D5-9A29-88E722A36AB7}.Debug|Any CPU.Build.0 = Debug|Any CPU
		{ECF0D397-3A5E-40D5-9A29-88E722A36AB7}.Debug|x64.ActiveCfg = Debug|Any CPU
		{ECF0D397-3A5E-40D5-9A29-88E722A36AB7}.Debug|x64.Build.0 = Debug|Any CPU
		{ECF0D397-3A5E-40D5-9A29-88E722A36AB7}.Debug|x86.ActiveCfg = Debug|Any CPU
		{ECF0D397-3A5E-40D5-9A29-88E722A36AB7}.Debug|x86.Build.0 = Debug|Any CPU
		{ECF0D397-3A5E-40D5-9A29-88E722A36AB7}.Release|Any CPU.ActiveCfg = Release|Any CPU
		{ECF0D397-3A5E-40D5-9A29-88E722A36AB7}.Release|Any CPU.Build.0 = Release|Any CPU
		{ECF0D397-3A5E-40D5-9A29-88E722A36AB7}.Release|x64.ActiveCfg = Release|Any CPU
		{ECF0D397-3A5E-40D5-9A29-88E722A36AB7}.Release|x64.Build.0 = Release|Any CPU
		{ECF0D397-3A5E-40D5-9A29-88E722A36AB7}.Release|x86.ActiveCfg = Release|Any CPU
		{ECF0D397-3A5E-40D5-9A29-88E722A36AB7}.Release|x86.Build.0 = Release|Any CPU
		{6C5AF4AF-FADA-4088-AA25-2FB52AAC1A21}.Debug|Any CPU.ActiveCfg = Debug|Any CPU
		{6C5AF4AF-FADA-4088-AA25-2FB52AAC1A21}.Debug|Any CPU.Build.0 = Debug|Any CPU
		{6C5AF4AF-FADA-4088-AA25-2FB52AAC1A21}.Debug|x64.ActiveCfg = Debug|Any CPU
		{6C5AF4AF-FADA-4088-AA25-2FB52AAC1A21}.Debug|x64.Build.0 = Debug|Any CPU
		{6C5AF4AF-FADA-4088-AA25-2FB52AAC1A21}.Debug|x86.ActiveCfg = Debug|Any CPU
		{6C5AF4AF-FADA-4088-AA25-2FB52AAC1A21}.Debug|x86.Build.0 = Debug|Any CPU
		{6C5AF4AF-FADA-4088-AA25-2FB52AAC1A21}.Release|Any CPU.ActiveCfg = Release|Any CPU
		{6C5AF4AF-FADA-4088-AA25-2FB52AAC1A21}.Release|Any CPU.Build.0 = Release|Any CPU
		{6C5AF4AF-FADA-4088-AA25-2FB52AAC1A21}.Release|x64.ActiveCfg = Release|Any CPU
		{6C5AF4AF-FADA-4088-AA25-2FB52AAC1A21}.Release|x64.Build.0 = Release|Any CPU
		{6C5AF4AF-FADA-4088-AA25-2FB52AAC1A21}.Release|x86.ActiveCfg = Release|Any CPU
		{6C5AF4AF-FADA-4088-AA25-2FB52AAC1A21}.Release|x86.Build.0 = Release|Any CPU
		{745E4BD1-C471-4D5F-B115-7067241B9D43}.Debug|Any CPU.ActiveCfg = Debug|Any CPU
		{745E4BD1-C471-4D5F-B115-7067241B9D43}.Debug|Any CPU.Build.0 = Debug|Any CPU
		{745E4BD1-C471-4D5F-B115-7067241B9D43}.Debug|x64.ActiveCfg = Debug|Any CPU
		{745E4BD1-C471-4D5F-B115-7067241B9D43}.Debug|x64.Build.0 = Debug|Any CPU
		{745E4BD1-C471-4D5F-B115-7067241B9D43}.Debug|x86.ActiveCfg = Debug|Any CPU
		{745E4BD1-C471-4D5F-B115-7067241B9D43}.Debug|x86.Build.0 = Debug|Any CPU
		{745E4BD1-C471-4D5F-B115-7067241B9D43}.Release|Any CPU.ActiveCfg = Release|Any CPU
		{745E4BD1-C471-4D5F-B115-7067241B9D43}.Release|Any CPU.Build.0 = Release|Any CPU
		{745E4BD1-C471-4D5F-B115-7067241B9D43}.Release|x64.ActiveCfg = Release|Any CPU
		{745E4BD1-C471-4D5F-B115-7067241B9D43}.Release|x64.Build.0 = Release|Any CPU
		{745E4BD1-C471-4D5F-B115-7067241B9D43}.Release|x86.ActiveCfg = Release|Any CPU
		{745E4BD1-C471-4D5F-B115-7067241B9D43}.Release|x86.Build.0 = Release|Any CPU
		{18EBB1A1-CDF6-4F6E-A8FA-2F5E36EBB284}.Debug|Any CPU.ActiveCfg = Debug|Any CPU
		{18EBB1A1-CDF6-4F6E-A8FA-2F5E36EBB284}.Debug|Any CPU.Build.0 = Debug|Any CPU
		{18EBB1A1-CDF6-4F6E-A8FA-2F5E36EBB284}.Debug|x64.ActiveCfg = Debug|Any CPU
		{18EBB1A1-CDF6-4F6E-A8FA-2F5E36EBB284}.Debug|x64.Build.0 = Debug|Any CPU
		{18EBB1A1-CDF6-4F6E-A8FA-2F5E36EBB284}.Debug|x86.ActiveCfg = Debug|Any CPU
		{18EBB1A1-CDF6-4F6E-A8FA-2F5E36EBB284}.Debug|x86.Build.0 = Debug|Any CPU
		{18EBB1A1-CDF6-4F6E-A8FA-2F5E36EBB284}.Release|Any CPU.ActiveCfg = Release|Any CPU
		{18EBB1A1-CDF6-4F6E-A8FA-2F5E36EBB284}.Release|Any CPU.Build.0 = Release|Any CPU
		{18EBB1A1-CDF6-4F6E-A8FA-2F5E36EBB284}.Release|x64.ActiveCfg = Release|Any CPU
		{18EBB1A1-CDF6-4F6E-A8FA-2F5E36EBB284}.Release|x64.Build.0 = Release|Any CPU
		{18EBB1A1-CDF6-4F6E-A8FA-2F5E36EBB284}.Release|x86.ActiveCfg = Release|Any CPU
		{18EBB1A1-CDF6-4F6E-A8FA-2F5E36EBB284}.Release|x86.Build.0 = Release|Any CPU
		{63B02D0A-B1B6-45EB-8C9F-CC1C16142F9C}.Debug|Any CPU.ActiveCfg = Debug|Any CPU
		{63B02D0A-B1B6-45EB-8C9F-CC1C16142F9C}.Debug|Any CPU.Build.0 = Debug|Any CPU
		{63B02D0A-B1B6-45EB-8C9F-CC1C16142F9C}.Debug|x64.ActiveCfg = Debug|Any CPU
		{63B02D0A-B1B6-45EB-8C9F-CC1C16142F9C}.Debug|x64.Build.0 = Debug|Any CPU
		{63B02D0A-B1B6-45EB-8C9F-CC1C16142F9C}.Debug|x86.ActiveCfg = Debug|Any CPU
		{63B02D0A-B1B6-45EB-8C9F-CC1C16142F9C}.Debug|x86.Build.0 = Debug|Any CPU
		{63B02D0A-B1B6-45EB-8C9F-CC1C16142F9C}.Release|Any CPU.ActiveCfg = Release|Any CPU
		{63B02D0A-B1B6-45EB-8C9F-CC1C16142F9C}.Release|Any CPU.Build.0 = Release|Any CPU
		{63B02D0A-B1B6-45EB-8C9F-CC1C16142F9C}.Release|x64.ActiveCfg = Release|Any CPU
		{63B02D0A-B1B6-45EB-8C9F-CC1C16142F9C}.Release|x64.Build.0 = Release|Any CPU
		{63B02D0A-B1B6-45EB-8C9F-CC1C16142F9C}.Release|x86.ActiveCfg = Release|Any CPU
		{63B02D0A-B1B6-45EB-8C9F-CC1C16142F9C}.Release|x86.Build.0 = Release|Any CPU
		{64B9A102-9642-4D8E-951A-FAE58CBDA095}.Debug|Any CPU.ActiveCfg = Debug|Any CPU
		{64B9A102-9642-4D8E-951A-FAE58CBDA095}.Debug|Any CPU.Build.0 = Debug|Any CPU
		{64B9A102-9642-4D8E-951A-FAE58CBDA095}.Debug|x64.ActiveCfg = Debug|Any CPU
		{64B9A102-9642-4D8E-951A-FAE58CBDA095}.Debug|x64.Build.0 = Debug|Any CPU
		{64B9A102-9642-4D8E-951A-FAE58CBDA095}.Debug|x86.ActiveCfg = Debug|Any CPU
		{64B9A102-9642-4D8E-951A-FAE58CBDA095}.Debug|x86.Build.0 = Debug|Any CPU
		{64B9A102-9642-4D8E-951A-FAE58CBDA095}.Release|Any CPU.ActiveCfg = Release|Any CPU
		{64B9A102-9642-4D8E-951A-FAE58CBDA095}.Release|Any CPU.Build.0 = Release|Any CPU
		{64B9A102-9642-4D8E-951A-FAE58CBDA095}.Release|x64.ActiveCfg = Release|Any CPU
		{64B9A102-9642-4D8E-951A-FAE58CBDA095}.Release|x64.Build.0 = Release|Any CPU
		{64B9A102-9642-4D8E-951A-FAE58CBDA095}.Release|x86.ActiveCfg = Release|Any CPU
		{64B9A102-9642-4D8E-951A-FAE58CBDA095}.Release|x86.Build.0 = Release|Any CPU
		{963D93DA-1578-4F12-8CF2-8C29DC328136}.Debug|Any CPU.ActiveCfg = Debug|Any CPU
		{963D93DA-1578-4F12-8CF2-8C29DC328136}.Debug|Any CPU.Build.0 = Debug|Any CPU
		{963D93DA-1578-4F12-8CF2-8C29DC328136}.Debug|x64.ActiveCfg = Debug|Any CPU
		{963D93DA-1578-4F12-8CF2-8C29DC328136}.Debug|x64.Build.0 = Debug|Any CPU
		{963D93DA-1578-4F12-8CF2-8C29DC328136}.Debug|x86.ActiveCfg = Debug|Any CPU
		{963D93DA-1578-4F12-8CF2-8C29DC328136}.Debug|x86.Build.0 = Debug|Any CPU
		{963D93DA-1578-4F12-8CF2-8C29DC328136}.Release|Any CPU.ActiveCfg = Release|Any CPU
		{963D93DA-1578-4F12-8CF2-8C29DC328136}.Release|Any CPU.Build.0 = Release|Any CPU
		{963D93DA-1578-4F12-8CF2-8C29DC328136}.Release|x64.ActiveCfg = Release|Any CPU
		{963D93DA-1578-4F12-8CF2-8C29DC328136}.Release|x64.Build.0 = Release|Any CPU
		{963D93DA-1578-4F12-8CF2-8C29DC328136}.Release|x86.ActiveCfg = Release|Any CPU
		{963D93DA-1578-4F12-8CF2-8C29DC328136}.Release|x86.Build.0 = Release|Any CPU
		{04FF3B7E-AA04-4594-8F84-BD54E11E9179}.Debug|Any CPU.ActiveCfg = Debug|Any CPU
		{04FF3B7E-AA04-4594-8F84-BD54E11E9179}.Debug|Any CPU.Build.0 = Debug|Any CPU
		{04FF3B7E-AA04-4594-8F84-BD54E11E9179}.Debug|x64.ActiveCfg = Debug|Any CPU
		{04FF3B7E-AA04-4594-8F84-BD54E11E9179}.Debug|x64.Build.0 = Debug|Any CPU
		{04FF3B7E-AA04-4594-8F84-BD54E11E9179}.Debug|x86.ActiveCfg = Debug|Any CPU
		{04FF3B7E-AA04-4594-8F84-BD54E11E9179}.Debug|x86.Build.0 = Debug|Any CPU
		{04FF3B7E-AA04-4594-8F84-BD54E11E9179}.Release|Any CPU.ActiveCfg = Release|Any CPU
		{04FF3B7E-AA04-4594-8F84-BD54E11E9179}.Release|Any CPU.Build.0 = Release|Any CPU
		{04FF3B7E-AA04-4594-8F84-BD54E11E9179}.Release|x64.ActiveCfg = Release|Any CPU
		{04FF3B7E-AA04-4594-8F84-BD54E11E9179}.Release|x64.Build.0 = Release|Any CPU
		{04FF3B7E-AA04-4594-8F84-BD54E11E9179}.Release|x86.ActiveCfg = Release|Any CPU
		{04FF3B7E-AA04-4594-8F84-BD54E11E9179}.Release|x86.Build.0 = Release|Any CPU
	EndGlobalSection
	GlobalSection(SolutionProperties) = preSolution
		HideSolutionNode = FALSE
	EndGlobalSection
	GlobalSection(NestedProjects) = preSolution
		{EEBDC4E8-CF12-48F7-B875-69B0775026CC} = {827E0CD3-B72D-47B6-A68D-7590B98EB39B}
		{ECF0D397-3A5E-40D5-9A29-88E722A36AB7} = {827E0CD3-B72D-47B6-A68D-7590B98EB39B}
		{6C5AF4AF-FADA-4088-AA25-2FB52AAC1A21} = {827E0CD3-B72D-47B6-A68D-7590B98EB39B}
		{745E4BD1-C471-4D5F-B115-7067241B9D43} = {827E0CD3-B72D-47B6-A68D-7590B98EB39B}
		{18EBB1A1-CDF6-4F6E-A8FA-2F5E36EBB284} = {827E0CD3-B72D-47B6-A68D-7590B98EB39B}
		{63B02D0A-B1B6-45EB-8C9F-CC1C16142F9C} = {827E0CD3-B72D-47B6-A68D-7590B98EB39B}
		{64B9A102-9642-4D8E-951A-FAE58CBDA095} = {827E0CD3-B72D-47B6-A68D-7590B98EB39B}
		{963D93DA-1578-4F12-8CF2-8C29DC328136} = {827E0CD3-B72D-47B6-A68D-7590B98EB39B}
		{04FF3B7E-AA04-4594-8F84-BD54E11E9179} = {827E0CD3-B72D-47B6-A68D-7590B98EB39B}
	EndGlobalSection
EndGlobal
